
Microsoft Visual Studio Solution File, Format Version 12.00
# Visual Studio Version 17
VisualStudioVersion = 17.5.002.0
MinimumVisualStudioVersion = 10.0.40219.1
Project("{9A19103F-16F7-4668-BE54-9A1E7A4F7556}") = "DesafioPOO", "DesafioPOO.csproj", "{125A5E6E-D776-4E07-9836-04ECE3DECA82}"
EndProject
Global
	GlobalSection(SolutionConfigurationPlatforms) = preSolution
		Debug|Any CPU = Debug|Any CPU
		Release|Any CPU = Release|Any CPU
	EndGlobalSection
	GlobalSection(ProjectConfigurationPlatforms) = postSolution
		{125A5E6E-D776-4E07-9836-04ECE3DECA82}.Debug|Any CPU.ActiveCfg = Debug|Any CPU
		{125A5E6E-D776-4E07-9836-04ECE3DECA82}.Debug|Any CPU.Build.0 = Debug|Any CPU
		{125A5E6E-D776-4E07-9836-04ECE3DECA82}.Release|Any CPU.ActiveCfg = Release|Any CPU
		{125A5E6E-D776-4E07-9836-04ECE3DECA82}.Release|Any CPU.Build.0 = Release|Any CPU
	EndGlobalSection
	GlobalSection(SolutionProperties) = preSolution
		HideSolutionNode = FALSE
	EndGlobalSection
	GlobalSection(ExtensibilityGlobals) = postSolution
		SolutionGuid = {2BE092E0-5B8E-4156-BD9E-2EE26FE7E0DF}
	EndGlobalSection
EndGlobal
